{
  "name": "sparkdown-poc-sync",
  "lockfileVersion": 3,
  "requires": true,
  "packages": {
    "": {
      "name": "sparkdown-poc-sync",
      "dependencies": {
        "@y/websocket-server": "^0.1.5"
      }
    },
    "node_modules/@y/protocols": {
      "version": "1.0.6-rc.1",
      "resolved": "https://registry.npmjs.org/@y/protocols/-/protocols-1.0.6-rc.1.tgz",
      "integrity": "sha512-e/qs7hXcLk/SeNitxMXv2ymozyWFTULwbJEi7cAf/K/iXw9nGwGXHrR5TNluQ/bMwOX1cwuUT0hjEojkfH0gsA==",
      "license": "MIT",
      "dependencies": {
        "lib0": "^1.0.0-rc.1"
      },
      "engines": {
        "node": ">=16.0.0",
        "npm": ">=8.0.0"
      },
      "funding": {
        "type": "GitHub Sponsors ❤",
        "url": "https://github.com/sponsors/dmonad"
      },
      "peerDependencies": {
        "@y/y": "*"
      }
    },
    "node_modules/@y/protocols/node_modules/lib0": {
      "version": "1.0.0-rc.7",
      "resolved": "https://registry.npmjs.org/lib0/-/lib0-1.0.0-rc.7.tgz",
      "integrity": "sha512-V5T141UN99W0uR2ULcmOBdRXl7tA21G6PLnMYpm1Ub5pn3ULbN4BHPKovgoWLZF0hrY0C8gd9uQJnuAGmVhF6w==",
      "license": "MIT",
      "bin": {
        "0ecdsa-generate-keypair": "src/bin/0ecdsa-generate-keypair.js",
        "0gentesthtml": "src/bin/gentesthtml.js",
        "0serve": "src/bin/0serve.js"
      },
      "engines": {
        "node": ">=16"
      },
      "funding": {
        "type": "GitHub Sponsors ❤",
        "url": "https://github.com/sponsors/dmonad"
      }
    },
    "node_modules/@y/websocket-server": {
      "version": "0.1.5",
      "resolved": "https://registry.npmjs.org/@y/websocket-server/-/websocket-server-0.1.5.tgz",
      "integrity": "sha512-ue1zENKxwj66AV8QoTwk0MPEH6veUhgvw+Gn84iX6Tco4lN9DHuF9k8oEKObJSPWoKBsOjeUk/ZYJcSK7iGc1w==",
      "license": "MIT",
      "dependencies": {
        "@y/protocols": "^1.0.6-1",
        "lib0": "^0.2.102",
        "ws": "^6.2.1",
        "yjs": "^14.0.0-7"
      },
      "bin": {
        "y-websocket": "src/server.js",
        "y-websocket-server": "src/server.js"
      },
      "engines": {
        "node": ">=16.0.0",
        "npm": ">=8.0.0"
      },
      "funding": {
        "type": "GitHub Sponsors ❤",
        "url": "https://github.com/sponsors/dmonad"
      }
    },
    "node_modules/@y/y": {
      "version": "14.0.0-16",
      "resolved": "https://registry.npmjs.org/@y/y/-/y-14.0.0-16.tgz",
      "integrity": "sha512-4zwbLnLannzUiEdJn9r3IS2FCVdHqADZHLqAivzAuKeoCGZ55JUFebp/YUtrYuTE2ZaBgctxpzulqAAHaahtIA==",
      "license": "MIT",
      "peer": true,
      "dependencies": {
        "lib0": "^0.2.115-6"
      },
      "engines": {
        "node": ">=16.0.0",
        "npm": ">=8.0.0"
      },
      "funding": {
        "type": "GitHub Sponsors ❤",
        "url": "https://github.com/sponsors/dmonad"
      }
    },
    "node_modules/async-limiter": {
      "version": "1.0.1",
      "resolved": "https://registry.npmjs.org/async-limiter/-/async-limiter-1.0.1.tgz",
      "integrity": "sha512-csOlWGAcRFJaI6m+F2WKdnMKr4HhdhFVBk0H/QbJFMCr+uO2kwohwXQPxw/9OCxp05r5ghVBFSyioixx3gfkNQ==",
      "license": "MIT"
    },
    "node_modules/isomorphic.js": {
      "version": "0.2.5",
      "resolved": "https://registry.npmjs.org/isomorphic.js/-/isomorphic.js-0.2.5.tgz",
      "integrity": "sha512-PIeMbHqMt4DnUP3MA/Flc0HElYjMXArsw1qwJZcm9sqR8mq3l8NYizFMty0pWwE/tzIGH3EKK5+jes5mAr85yw==",
      "license": "MIT",
      "funding": {
        "type": "GitHub Sponsors ❤",
        "url": "https://github.com/sponsors/dmonad"
      }
    },
    "node_modules/lib0": {
      "version": "0.2.117",
      "resolved": "https://registry.npmjs.org/lib0/-/lib0-0.2.117.tgz",
      "integrity": "sha512-DeXj9X5xDCjgKLU/7RR+/HQEVzuuEUiwldwOGsHK/sfAfELGWEyTcf0x+uOvCvK3O2zPmZePXWL85vtia6GyZw==",
      "license": "MIT",
      "dependencies": {
        "isomorphic.js": "^0.2.4"
      },
      "bin": {
        "0ecdsa-generate-keypair": "bin/0ecdsa-generate-keypair.js",
        "0gentesthtml": "bin/gentesthtml.js",
        "0serve": "bin/0serve.js"
      },
      "engines": {
        "node": ">=16"
      },
      "funding": {
        "type": "GitHub Sponsors ❤",
        "url": "https://github.com/sponsors/dmonad"
      }
    },
    "node_modules/ws": {
      "version": "6.2.3",
      "resolved": "https://registry.npmjs.org/ws/-/ws-6.2.3.tgz",
      "integrity": "sha512-jmTjYU0j60B+vHey6TfR3Z7RD61z/hmxBS3VMSGIrroOWXQEneK1zNuotOUrGyBHQj0yrpsLHPWtigEFd13ndA==",
      "license": "MIT",
      "dependencies": {
        "async-limiter": "~1.0.0"
      }
    },
    "node_modules/yjs": {
      "version": "14.0.0-16",
      "resolved": "https://registry.npmjs.org/yjs/-/yjs-14.0.0-16.tgz",
      "integrity": "sha512-n7jMrQz4pgU/NFnf4qY53K2adR/fu6ViQ79qVIw6Og+BtuDs1hx3DjOi3iREVnA6tsxQXXVG3gvG0I2kpmAwoQ==",
      "license": "MIT",
      "dependencies": {
        "lib0": "^0.2.115-6"
      },
      "engines": {
        "node": ">=16.0.0",
        "npm": ">=8.0.0"
      },
      "funding": {
        "type": "GitHub Sponsors ❤",
        "url": "https://github.com/sponsors/dmonad"
      }
    }
  }
}
